PODS:
  - Flutter (1.0.0)
  - hello (1.0.0):
    - Flutter
  - integration_test (0.0.1):
    - Flutter

DEPENDENCIES:
  - Flutter (from `Flutter`)
  - hello (from `.symlinks/plugins/hello/ios`)
  - integration_test (from `.symlinks/plugins/integration_test/ios`)

EXTERNAL SOURCES:
  Flutter:
    :path: Flutter
  hello:
    :path: ".symlinks/plugins/hello/ios"
  integration_test:
    :path: ".symlinks/plugins/integration_test/ios"

SPEC CHECKSUMS:
  Flutter: f04841e97a9d0b0a8025694d0796dd46242b2854
  hello: 8a2f1b21ee393d94cb00f94eab1680a0961905d3
  integration_test: 13825b8a9334a850581300559b8839134b124670

PODFILE CHECKSUM: 02caaa843f6501172c0d470d80e72f61175c8b93

COCOAPODS: 1.15.0
